
Microsoft Visual Studio Solution File, Format Version 12.00
# Visual Studio 2012
Project("{FAE04EC0-301F-11D3-BF4B-00C04F79EFBC}") = "CassandraSharp", "CassandraSharp\CassandraSharp.csproj", "{C1D252B7-D766-4C28-9C46-0696F896846C}"
EndProject
Project("{2150E333-8FDC-42A3-9474-1A3956D46DE8}") = "Solution Items", "Solution Items", "{220BEE49-7E3C-40D9-B58C-A5299F55419E}"
	ProjectSection(SolutionItems) = preProject
		cassandra-sharp.nuspec = cassandra-sharp.nuspec
		cassandra-sharp.targets = cassandra-sharp.targets
		CHANGES.txt = CHANGES.txt
		LICENSE-2.0.txt = LICENSE-2.0.txt
		README.md = README.md
		TODO.txt = TODO.txt
	EndProjectSection
EndProject
Project("{FAE04EC0-301F-11D3-BF4B-00C04F79EFBC}") = "CassandraSharpUnitTests", "CassandraSharpUnitTests\CassandraSharpUnitTests.csproj", "{22D4356F-BC92-4399-A92C-C1F9EF6ECC73}"
EndProject
Project("{FAE04EC0-301F-11D3-BF4B-00C04F79EFBC}") = "cqlplus", "cqlplus\cqlplus.csproj", "{0A06398E-69BE-487B-A011-4C0BE6619B59}"
EndProject
Project("{FAE04EC0-301F-11D3-BF4B-00C04F79EFBC}") = "Samples", "Samples\Samples.csproj", "{8B2359B2-4A73-4A49-8E1E-646014A768A4}"
EndProject
Global
	GlobalSection(SolutionConfigurationPlatforms) = preSolution
		Debug|Any CPU = Debug|Any CPU
		Release|Any CPU = Release|Any CPU
	EndGlobalSection
	GlobalSection(ProjectConfigurationPlatforms) = postSolution
		{C1D252B7-D766-4C28-9C46-0696F896846C}.Debug|Any CPU.ActiveCfg = Debug|Any CPU
		{C1D252B7-D766-4C28-9C46-0696F896846C}.Debug|Any CPU.Build.0 = Debug|Any CPU
		{C1D252B7-D766-4C28-9C46-0696F896846C}.Release|Any CPU.ActiveCfg = Release|Any CPU
		{C1D252B7-D766-4C28-9C46-0696F896846C}.Release|Any CPU.Build.0 = Release|Any CPU
		{22D4356F-BC92-4399-A92C-C1F9EF6ECC73}.Debug|Any CPU.ActiveCfg = Debug|Any CPU
		{22D4356F-BC92-4399-A92C-C1F9EF6ECC73}.Debug|Any CPU.Build.0 = Debug|Any CPU
		{22D4356F-BC92-4399-A92C-C1F9EF6ECC73}.Release|Any CPU.ActiveCfg = Release|Any CPU
		{22D4356F-BC92-4399-A92C-C1F9EF6ECC73}.Release|Any CPU.Build.0 = Release|Any CPU
		{0A06398E-69BE-487B-A011-4C0BE6619B59}.Debug|Any CPU.ActiveCfg = Debug|Any CPU
		{0A06398E-69BE-487B-A011-4C0BE6619B59}.Debug|Any CPU.Build.0 = Debug|Any CPU
		{0A06398E-69BE-487B-A011-4C0BE6619B59}.Release|Any CPU.ActiveCfg = Release|Any CPU
		{0A06398E-69BE-487B-A011-4C0BE6619B59}.Release|Any CPU.Build.0 = Release|Any CPU
		{8B2359B2-4A73-4A49-8E1E-646014A768A4}.Debug|Any CPU.ActiveCfg = Debug|Any CPU
		{8B2359B2-4A73-4A49-8E1E-646014A768A4}.Debug|Any CPU.Build.0 = Debug|Any CPU
		{8B2359B2-4A73-4A49-8E1E-646014A768A4}.Release|Any CPU.ActiveCfg = Release|Any CPU
		{8B2359B2-4A73-4A49-8E1E-646014A768A4}.Release|Any CPU.Build.0 = Release|Any CPU
	EndGlobalSection
	GlobalSection(SolutionProperties) = preSolution
		HideSolutionNode = FALSE
	EndGlobalSection
EndGlobal
